
Microsoft Visual Studio Solution File, Format Version 12.00
# Visual Studio Version 16
VisualStudioVersion = 16.0.31702.278
MinimumVisualStudioVersion = 10.0.40219.1
Project("{FAE04EC0-301F-11D3-BF4B-00C04F79EFBC}") = "Break Camel Case", "Break Camel Case\Break Camel Case.csproj", "{7590FCA3-3074-40EE-8598-6867145210FE}"
EndProject
Global
	GlobalSection(SolutionConfigurationPlatforms) = preSolution
		Debug|Any CPU = Debug|Any CPU
		Release|Any CPU = Release|Any CPU
	EndGlobalSection
	GlobalSection(ProjectConfigurationPlatforms) = postSolution
		{7590FCA3-3074-40EE-8598-6867145210FE}.Debug|Any CPU.ActiveCfg = Debug|Any CPU
		{7590FCA3-3074-40EE-8598-6867145210FE}.Debug|Any CPU.Build.0 = Debug|Any CPU
		{7590FCA3-3074-40EE-8598-6867145210FE}.Release|Any CPU.ActiveCfg = Release|Any CPU
		{7590FCA3-3074-40EE-8598-6867145210FE}.Release|Any CPU.Build.0 = Release|Any CPU
	EndGlobalSection
	GlobalSection(SolutionProperties) = preSolution
		HideSolutionNode = FALSE
	EndGlobalSection
	GlobalSection(ExtensibilityGlobals) = postSolution
		SolutionGuid = {372161B3-F0C5-4F18-90EE-F63EC466DD5D}
	EndGlobalSection
EndGlobal
